
Microsoft Visual Studio Solution File, Format Version 12.00
# Visual Studio 14
VisualStudioVersion = 14.0.23107.0
MinimumVisualStudioVersion = 10.0.40219.1
Project("{FAE04EC0-301F-11D3-BF4B-00C04F79EFBC}") = "TypeAlias.Net35", "core\TypeAlias\TypeAlias.Net35.csproj", "{6C5197C5-4A74-4AFA-8358-5C87B16304DB}"
EndProject
Project("{FAE04EC0-301F-11D3-BF4B-00C04F79EFBC}") = "TypeAlias.Tests.Net35", "core\TypeAlias.Tests\TypeAlias.Tests.Net35.csproj", "{3D8C3FEE-BF24-4825-98F5-BCC0F9887A43}"
EndProject
Global
	GlobalSection(SolutionConfigurationPlatforms) = preSolution
		Debug|Any CPU = Debug|Any CPU
		Release|Any CPU = Release|Any CPU
	EndGlobalSection
	GlobalSection(ProjectConfigurationPlatforms) = postSolution
		{6C5197C5-4A74-4AFA-8358-5C87B16304DB}.Debug|Any CPU.ActiveCfg = Debug|Any CPU
		{6C5197C5-4A74-4AFA-8358-5C87B16304DB}.Debug|Any CPU.Build.0 = Debug|Any CPU
		{6C5197C5-4A74-4AFA-8358-5C87B16304DB}.Release|Any CPU.ActiveCfg = Release|Any CPU
		{6C5197C5-4A74-4AFA-8358-5C87B16304DB}.Release|Any CPU.Build.0 = Release|Any CPU
		{3D8C3FEE-BF24-4825-98F5-BCC0F9887A43}.Debug|Any CPU.ActiveCfg = Debug|Any CPU
		{3D8C3FEE-BF24-4825-98F5-BCC0F9887A43}.Debug|Any CPU.Build.0 = Debug|Any CPU
		{3D8C3FEE-BF24-4825-98F5-BCC0F9887A43}.Release|Any CPU.ActiveCfg = Release|Any CPU
		{3D8C3FEE-BF24-4825-98F5-BCC0F9887A43}.Release|Any CPU.Build.0 = Release|Any CPU
	EndGlobalSection
	GlobalSection(SolutionProperties) = preSolution
		HideSolutionNode = FALSE
	EndGlobalSection
EndGlobal
